
Microsoft Visual Studio Solution File, Format Version 12.00
# Visual Studio 2012
Project("{FAE04EC0-301F-11D3-BF4B-00C04F79EFBC}") = "FF7-WPF", "FF7-WPF\FF7-WPF.csproj", "{9EA2E000-B5E9-44C9-816B-3044F485FF65}"
EndProject
Project("{2150E333-8FDC-42A3-9474-1A3956D46DE8}") = "WPFLibraries", "WPFLibraries", "{A49925A8-D276-4220-A352-68E6A7A7B660}"
EndProject
Project("{2150E333-8FDC-42A3-9474-1A3956D46DE8}") = "Content", "Content", "{80FE1523-110E-4885-800B-9EB47985F188}"
EndProject
Project("{2150E333-8FDC-42A3-9474-1A3956D46DE8}") = "SharedLibraries", "SharedLibraries", "{FD0872CA-FA5C-47A1-A487-DE60174A5D53}"
EndProject
Project("{FAE04EC0-301F-11D3-BF4B-00C04F79EFBC}") = "MVVM", "..\..\..\..\SharedLibraries\SeriusSoft\MVVM\MVVM.csproj", "{3796017E-FE37-43BD-AFFA-6BF0B6957416}"
EndProject
Global
	GlobalSection(SolutionConfigurationPlatforms) = preSolution
		Debug|Any CPU = Debug|Any CPU
		Release|Any CPU = Release|Any CPU
	EndGlobalSection
	GlobalSection(ProjectConfigurationPlatforms) = postSolution
		{9EA2E000-B5E9-44C9-816B-3044F485FF65}.Debug|Any CPU.ActiveCfg = Debug|Any CPU
		{9EA2E000-B5E9-44C9-816B-3044F485FF65}.Debug|Any CPU.Build.0 = Debug|Any CPU
		{9EA2E000-B5E9-44C9-816B-3044F485FF65}.Release|Any CPU.ActiveCfg = Release|Any CPU
		{9EA2E000-B5E9-44C9-816B-3044F485FF65}.Release|Any CPU.Build.0 = Release|Any CPU
		{3796017E-FE37-43BD-AFFA-6BF0B6957416}.Debug|Any CPU.ActiveCfg = Debug|Any CPU
		{3796017E-FE37-43BD-AFFA-6BF0B6957416}.Debug|Any CPU.Build.0 = Debug|Any CPU
		{3796017E-FE37-43BD-AFFA-6BF0B6957416}.Release|Any CPU.ActiveCfg = Release|Any CPU
		{3796017E-FE37-43BD-AFFA-6BF0B6957416}.Release|Any CPU.Build.0 = Release|Any CPU
	EndGlobalSection
	GlobalSection(SolutionProperties) = preSolution
		HideSolutionNode = FALSE
	EndGlobalSection
	GlobalSection(NestedProjects) = preSolution
		{3796017E-FE37-43BD-AFFA-6BF0B6957416} = {FD0872CA-FA5C-47A1-A487-DE60174A5D53}
	EndGlobalSection
EndGlobal
